
Microsoft Visual Studio Solution File, Format Version 12.00
# Visual Studio 14
VisualStudioVersion = 14.0.23107.0
MinimumVisualStudioVersion = 10.0.40219.1
Project("{FAE04EC0-301F-11D3-BF4B-00C04F79EFBC}") = "WorkflowSR", "WorkflowSR\WorkflowSR.csproj", "{2B14B520-CC4C-4818-A42E-4A8A1A17A483}"
EndProject
Project("{FAE04EC0-301F-11D3-BF4B-00C04F79EFBC}") = "WorkflowSR.Model", "WorkflowSR.Model\WorkflowSR.Model.csproj", "{74006104-A245-48E5-A257-562C9DE9E286}"
EndProject
Project("{FAE04EC0-301F-11D3-BF4B-00C04F79EFBC}") = "WorkflowSR.Service", "WorkflowSR.Service\WorkflowSR.Service.csproj", "{2D31336D-DFE4-407D-890C-E2544A193C9C}"
EndProject
Global
	GlobalSection(SolutionConfigurationPlatforms) = preSolution
		Debug|Any CPU = Debug|Any CPU
		Debug|ARM = Debug|ARM
		Debug|x64 = Debug|x64
		Debug|x86 = Debug|x86
		Release|Any CPU = Release|Any CPU
		Release|ARM = Release|ARM
		Release|x64 = Release|x64
		Release|x86 = Release|x86
	EndGlobalSection
	GlobalSection(ProjectConfigurationPlatforms) = postSolution
		{2B14B520-CC4C-4818-A42E-4A8A1A17A483}.Debug|Any CPU.ActiveCfg = Debug|Any CPU
		{2B14B520-CC4C-4818-A42E-4A8A1A17A483}.Debug|Any CPU.Build.0 = Debug|Any CPU
		{2B14B520-CC4C-4818-A42E-4A8A1A17A483}.Debug|ARM.ActiveCfg = Debug|Any CPU
		{2B14B520-CC4C-4818-A42E-4A8A1A17A483}.Debug|ARM.Build.0 = Debug|Any CPU
		{2B14B520-CC4C-4818-A42E-4A8A1A17A483}.Debug|x64.ActiveCfg = Debug|Any CPU
		{2B14B520-CC4C-4818-A42E-4A8A1A17A483}.Debug|x64.Build.0 = Debug|Any CPU
		{2B14B520-CC4C-4818-A42E-4A8A1A17A483}.Debug|x86.ActiveCfg = Debug|Any CPU
		{2B14B520-CC4C-4818-A42E-4A8A1A17A483}.Debug|x86.Build.0 = Debug|Any CPU
		{2B14B520-CC4C-4818-A42E-4A8A1A17A483}.Release|Any CPU.ActiveCfg = Release|Any CPU
		{2B14B520-CC4C-4818-A42E-4A8A1A17A483}.Release|Any CPU.Build.0 = Release|Any CPU
		{2B14B520-CC4C-4818-A42E-4A8A1A17A483}.Release|ARM.ActiveCfg = Release|Any CPU
		{2B14B520-CC4C-4818-A42E-4A8A1A17A483}.Release|ARM.Build.0 = Release|Any CPU
		{2B14B520-CC4C-4818-A42E-4A8A1A17A483}.Release|x64.ActiveCfg = Release|Any CPU
		{2B14B520-CC4C-4818-A42E-4A8A1A17A483}.Release|x64.Build.0 = Release|Any CPU
		{2B14B520-CC4C-4818-A42E-4A8A1A17A483}.Release|x86.ActiveCfg = Release|Any CPU
		{2B14B520-CC4C-4818-A42E-4A8A1A17A483}.Release|x86.Build.0 = Release|Any CPU
		{74006104-A245-48E5-A257-562C9DE9E286}.Debug|Any CPU.ActiveCfg = Debug|Any CPU
		{74006104-A245-48E5-A257-562C9DE9E286}.Debug|Any CPU.Build.0 = Debug|Any CPU
		{74006104-A245-48E5-A257-562C9DE9E286}.Debug|ARM.ActiveCfg = Debug|Any CPU
		{74006104-A245-48E5-A257-562C9DE9E286}.Debug|ARM.Build.0 = Debug|Any CPU
		{74006104-A245-48E5-A257-562C9DE9E286}.Debug|x64.ActiveCfg = Debug|Any CPU
		{74006104-A245-48E5-A257-562C9DE9E286}.Debug|x64.Build.0 = Debug|Any CPU
		{74006104-A245-48E5-A257-562C9DE9E286}.Debug|x86.ActiveCfg = Debug|Any CPU
		{74006104-A245-48E5-A257-562C9DE9E286}.Debug|x86.Build.0 = Debug|Any CPU
		{74006104-A245-48E5-A257-562C9DE9E286}.Release|Any CPU.ActiveCfg = Release|Any CPU
		{74006104-A245-48E5-A257-562C9DE9E286}.Release|Any CPU.Build.0 = Release|Any CPU
		{74006104-A245-48E5-A257-562C9DE9E286}.Release|ARM.ActiveCfg = Release|Any CPU
		{74006104-A245-48E5-A257-562C9DE9E286}.Release|ARM.Build.0 = Release|Any CPU
		{74006104-A245-48E5-A257-562C9DE9E286}.Release|x64.ActiveCfg = Release|Any CPU
		{74006104-A245-48E5-A257-562C9DE9E286}.Release|x64.Build.0 = Release|Any CPU
		{74006104-A245-48E5-A257-562C9DE9E286}.Release|x86.ActiveCfg = Release|Any CPU
		{74006104-A245-48E5-A257-562C9DE9E286}.Release|x86.Build.0 = Release|Any CPU
		{2D31336D-DFE4-407D-890C-E2544A193C9C}.Debug|Any CPU.ActiveCfg = Debug|Any CPU
		{2D31336D-DFE4-407D-890C-E2544A193C9C}.Debug|Any CPU.Build.0 = Debug|Any CPU
		{2D31336D-DFE4-407D-890C-E2544A193C9C}.Debug|ARM.ActiveCfg = Debug|Any CPU
		{2D31336D-DFE4-407D-890C-E2544A193C9C}.Debug|ARM.Build.0 = Debug|Any CPU
		{2D31336D-DFE4-407D-890C-E2544A193C9C}.Debug|x64.ActiveCfg = Debug|Any CPU
		{2D31336D-DFE4-407D-890C-E2544A193C9C}.Debug|x64.Build.0 = Debug|Any CPU
		{2D31336D-DFE4-407D-890C-E2544A193C9C}.Debug|x86.ActiveCfg = Debug|Any CPU
		{2D31336D-DFE4-407D-890C-E2544A193C9C}.Debug|x86.Build.0 = Debug|Any CPU
		{2D31336D-DFE4-407D-890C-E2544A193C9C}.Release|Any CPU.ActiveCfg = Release|Any CPU
		{2D31336D-DFE4-407D-890C-E2544A193C9C}.Release|Any CPU.Build.0 = Release|Any CPU
		{2D31336D-DFE4-407D-890C-E2544A193C9C}.Release|ARM.ActiveCfg = Release|Any CPU
		{2D31336D-DFE4-407D-890C-E2544A193C9C}.Release|ARM.Build.0 = Release|Any CPU
		{2D31336D-DFE4-407D-890C-E2544A193C9C}.Release|x64.ActiveCfg = Release|Any CPU
		{2D31336D-DFE4-407D-890C-E2544A193C9C}.Release|x64.Build.0 = Release|Any CPU
		{2D31336D-DFE4-407D-890C-E2544A193C9C}.Release|x86.ActiveCfg = Release|Any CPU
		{2D31336D-DFE4-407D-890C-E2544A193C9C}.Release|x86.Build.0 = Release|Any CPU
	EndGlobalSection
	GlobalSection(SolutionProperties) = preSolution
		HideSolutionNode = FALSE
	EndGlobalSection
EndGlobal
